
Microsoft Visual Studio Solution File, Format Version 12.00
# Visual Studio Version 17
VisualStudioVersion = 17.2.32526.322
MinimumVisualStudioVersion = 10.0.40219.1
Project("{FAE04EC0-301F-11D3-BF4B-00C04F79EFBC}") = "mewtApp", "mewtApp.csproj", "{EE57C3DA-1E28-49EA-B044-FEE92D40B8FB}"
EndProject
Global
	GlobalSection(SolutionConfigurationPlatforms) = preSolution
		Debug|Any CPU = Debug|Any CPU
		Release|Any CPU = Release|Any CPU
	EndGlobalSection
	GlobalSection(ProjectConfigurationPlatforms) = postSolution
		{EE57C3DA-1E28-49EA-B044-FEE92D40B8FB}.Debug|Any CPU.ActiveCfg = Debug|Any CPU
		{EE57C3DA-1E28-49EA-B044-FEE92D40B8FB}.Debug|Any CPU.Build.0 = Debug|Any CPU
		{EE57C3DA-1E28-49EA-B044-FEE92D40B8FB}.Release|Any CPU.ActiveCfg = Release|Any CPU
		{EE57C3DA-1E28-49EA-B044-FEE92D40B8FB}.Release|Any CPU.Build.0 = Release|Any CPU
	EndGlobalSection
	GlobalSection(SolutionProperties) = preSolution
		HideSolutionNode = FALSE
	EndGlobalSection
	GlobalSection(ExtensibilityGlobals) = postSolution
		SolutionGuid = {29A4DE18-77CD-4E8C-ACA7-B940DA6389B2}
	EndGlobalSection
EndGlobal
